
Microsoft Visual Studio Solution File, Format Version 12.00
# Visual Studio 15
VisualStudioVersion = 15.0.28307.757
MinimumVisualStudioVersion = 10.0.40219.1
Project("{9A19103F-16F7-4668-BE54-9A1E7A4F7556}") = "MvE.DAL", "MvE.DAL\MvE.DAL.csproj", "{D21DE297-464E-498B-B175-212AC56713C2}"
EndProject
Project("{9A19103F-16F7-4668-BE54-9A1E7A4F7556}") = "MvE.BLL", "MvE.BLL\MvE.BLL.csproj", "{CDF9CF08-1A8F-4F8C-B656-B462AC9D1C9D}"
EndProject
Project("{9A19103F-16F7-4668-BE54-9A1E7A4F7556}") = "MvE.UI", "MvE.UI\MvE.UI.csproj", "{97FA210B-8677-42A2-8B2E-B4F36269F086}"
EndProject
Project("{FAE04EC0-301F-11D3-BF4B-00C04F79EFBC}") = "MvE.UnitTests", "MvE.UnitTests\MvE.UnitTests.csproj", "{D9D9B174-113F-4784-A43D-83B976009C7F}"
EndProject
Project("{FAE04EC0-301F-11D3-BF4B-00C04F79EFBC}") = "MvE.Tester", "MvE.Tester\MvE.Tester.csproj", "{05124762-1C33-49EC-B655-4EEDEC49BCC6}"
EndProject
Global
	GlobalSection(SolutionConfigurationPlatforms) = preSolution
		Debug|Any CPU = Debug|Any CPU
		Release|Any CPU = Release|Any CPU
	EndGlobalSection
	GlobalSection(ProjectConfigurationPlatforms) = postSolution
		{D21DE297-464E-498B-B175-212AC56713C2}.Debug|Any CPU.ActiveCfg = Debug|Any CPU
		{D21DE297-464E-498B-B175-212AC56713C2}.Debug|Any CPU.Build.0 = Debug|Any CPU
		{D21DE297-464E-498B-B175-212AC56713C2}.Release|Any CPU.ActiveCfg = Release|Any CPU
		{D21DE297-464E-498B-B175-212AC56713C2}.Release|Any CPU.Build.0 = Release|Any CPU
		{CDF9CF08-1A8F-4F8C-B656-B462AC9D1C9D}.Debug|Any CPU.ActiveCfg = Debug|Any CPU
		{CDF9CF08-1A8F-4F8C-B656-B462AC9D1C9D}.Debug|Any CPU.Build.0 = Debug|Any CPU
		{CDF9CF08-1A8F-4F8C-B656-B462AC9D1C9D}.Release|Any CPU.ActiveCfg = Release|Any CPU
		{CDF9CF08-1A8F-4F8C-B656-B462AC9D1C9D}.Release|Any CPU.Build.0 = Release|Any CPU
		{97FA210B-8677-42A2-8B2E-B4F36269F086}.Debug|Any CPU.ActiveCfg = Debug|Any CPU
		{97FA210B-8677-42A2-8B2E-B4F36269F086}.Debug|Any CPU.Build.0 = Debug|Any CPU
		{97FA210B-8677-42A2-8B2E-B4F36269F086}.Release|Any CPU.ActiveCfg = Release|Any CPU
		{97FA210B-8677-42A2-8B2E-B4F36269F086}.Release|Any CPU.Build.0 = Release|Any CPU
		{D9D9B174-113F-4784-A43D-83B976009C7F}.Debug|Any CPU.ActiveCfg = Debug|Any CPU
		{D9D9B174-113F-4784-A43D-83B976009C7F}.Debug|Any CPU.Build.0 = Debug|Any CPU
		{D9D9B174-113F-4784-A43D-83B976009C7F}.Release|Any CPU.ActiveCfg = Release|Any CPU
		{D9D9B174-113F-4784-A43D-83B976009C7F}.Release|Any CPU.Build.0 = Release|Any CPU
		{05124762-1C33-49EC-B655-4EEDEC49BCC6}.Debug|Any CPU.ActiveCfg = Debug|Any CPU
		{05124762-1C33-49EC-B655-4EEDEC49BCC6}.Debug|Any CPU.Build.0 = Debug|Any CPU
		{05124762-1C33-49EC-B655-4EEDEC49BCC6}.Release|Any CPU.ActiveCfg = Release|Any CPU
		{05124762-1C33-49EC-B655-4EEDEC49BCC6}.Release|Any CPU.Build.0 = Release|Any CPU
	EndGlobalSection
	GlobalSection(SolutionProperties) = preSolution
		HideSolutionNode = FALSE
	EndGlobalSection
	GlobalSection(ExtensibilityGlobals) = postSolution
		SolutionGuid = {1784D2D9-08C9-4C3E-93BA-343CC88482F7}
	EndGlobalSection
EndGlobal
